hash: 8bc28a442eccd102e9fe591189fa2ace349165d97ad570f1c643c706ec50d227
updated: 2017-07-02T20:41:45.973724215+02:00
imports:
- name: github.com/adlio/trello
  version: 4e1eeacb4c696dcc25f58762216b3ec5ac1e91fe
- name: github.com/bndr/gojenkins
  version: 6b505853eea18f3635ce09959dab042cfdb9ce23
- name: github.com/fsnotify/fsnotify
  version: 4da3e2cfbabc9f751898f250b49f2439785783a1
- name: github.com/golang/protobuf
  version: 6a1fa9404c0aebf36c879bc50152edcc953910d2
  subpackages:
  - proto
- name: github.com/google/go-github
  version: 4c4aea2b66bd1d26305d40a307bfa377d24f9c8c
  subpackages:
  - github
- name: github.com/google/go-querystring
  version: 53e6ce116135b80d037921a7fdd5138cf32d7a8a
  subpackages:
  - query
- name: github.com/hashicorp/hcl
  version: 392dba7d905ed5d04a5794ba89f558b27e2ba1ca
  subpackages:
  - hcl/ast
  - hcl/parser
  - hcl/scanner
  - hcl/strconv
  - hcl/token
  - json/parser
  - json/scanner
  - json/token
- name: github.com/inconshreveable/mousetrap
  version: 76626ae9c91c4f2a10f34cad8ce83ea42c93bb75
- name: github.com/magiconair/properties
  version: 51463bfca2576e06c62a8504b5c0f06d61312647
- name: github.com/mitchellh/mapstructure
  version: d0303fe809921458f417bcf828397a65db30a7e4
- name: github.com/pelletier/go-toml
  version: 69d355db5304c0f7f809a2edc054553e7142f016
- name: github.com/pkg/errors
  version: c605e284fe17294bda444b34710735b29d1a9d90
- name: github.com/sirupsen/logrus
  version: 7dd06bf38e1e13df288d471a57d5adbac106be9e
- name: github.com/spf13/afero
  version: 9be650865eab0c12963d8753212f4f9c66cdcf12
  subpackages:
  - mem
- name: github.com/spf13/cast
  version: acbeb36b902d72a7a4c18e8f3241075e7ab763e4
- name: github.com/spf13/cobra
  version: 8c6fa02d2225de0f9bdcb7ca912556f68d172d8c
- name: github.com/spf13/jwalterweatherman
  version: 0efa5202c04663c757d84f90f5219c1250baf94f
- name: github.com/spf13/pflag
  version: e57e3eeb33f795204c1ca35f56c44f83227c6e66
- name: github.com/spf13/viper
  version: c1de95864d73a5465492829d7cb2dd422b19ac96
- name: golang.org/x/net
  version: 1f9224279e98554b6a6432d4dd998a739f8b2b7c
  subpackages:
  - context
  - context/ctxhttp
  - html
  - html/atom
- name: golang.org/x/oauth2
  version: cce311a261e6fcf29de72ca96827bdb0b7d9c9e6
  subpackages:
  - internal
- name: golang.org/x/sys
  version: d18155cb60f6162f5e706d7f26e4e50a3d4da857
  subpackages:
  - unix
- name: golang.org/x/text
  version: 2bf8f2a19ec09c670e931282edfe6567f6be21c9
  subpackages:
  - transform
  - unicode/norm
- name: google.golang.org/appengine
  version: d11fc8a8dccf41ab5bd3c51a3ea52051240e325c
  subpackages:
  - internal
  - internal/app_identity
  - internal/base
  - internal/datastore
  - internal/log
  - internal/modules
  - internal/remote_api
  - internal/urlfetch
  - urlfetch
- name: gopkg.in/yaml.v2
  version: cd8b52f8269e0feb286dfeef29f8fe4d5b397e0b
testImports: []
